
Microsoft Visual Studio Solution File, Format Version 12.00
# Visual Studio Version 16
VisualStudioVersion = 16.0.28315.86
MinimumVisualStudioVersion = 10.0.40219.1
Project("{9A19103F-16F7-4668-BE54-9A1E7A4F7556}") = "Ubiety.Xmpp.App", "src\Ubiety.Xmpp.App\Ubiety.Xmpp.App.csproj", "{163657FF-71CA-4CEA-AB31-28AF790BF769}"
EndProject
Project("{9A19103F-16F7-4668-BE54-9A1E7A4F7556}") = "Ubiety.Xmpp.Core", "src\Ubiety.Xmpp.Core\Ubiety.Xmpp.Core.csproj", "{26043BE6-5CCF-4C7F-8A8D-58F04B84AC75}"
EndProject
Project("{9A19103F-16F7-4668-BE54-9A1E7A4F7556}") = "Ubiety.Xmpp.Test", "test\Ubiety.Xmpp.Test\Ubiety.Xmpp.Test.csproj", "{2AB906BE-812E-4FF5-A0A6-5E40FE6269FB}"
EndProject
Global
	GlobalSection(SolutionConfigurationPlatforms) = preSolution
		Debug|Any CPU = Debug|Any CPU
		Release|Any CPU = Release|Any CPU
	EndGlobalSection
	GlobalSection(ProjectConfigurationPlatforms) = postSolution
		{163657FF-71CA-4CEA-AB31-28AF790BF769}.Debug|Any CPU.ActiveCfg = Debug|Any CPU
		{163657FF-71CA-4CEA-AB31-28AF790BF769}.Debug|Any CPU.Build.0 = Debug|Any CPU
		{163657FF-71CA-4CEA-AB31-28AF790BF769}.Release|Any CPU.ActiveCfg = Release|Any CPU
		{163657FF-71CA-4CEA-AB31-28AF790BF769}.Release|Any CPU.Build.0 = Release|Any CPU
		{26043BE6-5CCF-4C7F-8A8D-58F04B84AC75}.Debug|Any CPU.ActiveCfg = Debug|Any CPU
		{26043BE6-5CCF-4C7F-8A8D-58F04B84AC75}.Debug|Any CPU.Build.0 = Debug|Any CPU
		{26043BE6-5CCF-4C7F-8A8D-58F04B84AC75}.Release|Any CPU.ActiveCfg = Release|Any CPU
		{26043BE6-5CCF-4C7F-8A8D-58F04B84AC75}.Release|Any CPU.Build.0 = Release|Any CPU
		{2AB906BE-812E-4FF5-A0A6-5E40FE6269FB}.Debug|Any CPU.ActiveCfg = Debug|Any CPU
		{2AB906BE-812E-4FF5-A0A6-5E40FE6269FB}.Debug|Any CPU.Build.0 = Debug|Any CPU
		{2AB906BE-812E-4FF5-A0A6-5E40FE6269FB}.Release|Any CPU.ActiveCfg = Release|Any CPU
		{2AB906BE-812E-4FF5-A0A6-5E40FE6269FB}.Release|Any CPU.Build.0 = Release|Any CPU
	EndGlobalSection
	GlobalSection(SolutionProperties) = preSolution
		HideSolutionNode = FALSE
	EndGlobalSection
	GlobalSection(ExtensibilityGlobals) = postSolution
		SolutionGuid = {C0EFEEB1-F06C-4A3F-83AC-204E93B9DF51}
	EndGlobalSection
EndGlobal
